
Microsoft Visual Studio Solution File, Format Version 12.00
# Visual Studio Version 17
VisualStudioVersion = 17.5.33209.295
MinimumVisualStudioVersion = 10.0.40219.1
Project("{8BC9CEB8-8B4A-11D0-8D11-00A0C91BC942}") = "flute-net", "flute-c\vs\flute-net\flute-net.vcxproj", "{A5DD7655-70DA-4AA5-955F-39D37DE85080}"
EndProject
Project("{8BC9CEB8-8B4A-11D0-8D11-00A0C91BC942}") = "flute-ckt", "flute-c\vs\flute-ckt\flute-ckt.vcxproj", "{7D32686A-AC28-40E7-AF4B-BA6800611152}"
EndProject
Project("{8BC9CEB8-8B4A-11D0-8D11-00A0C91BC942}") = "rand-pts", "flute-c\vs\rand-pts\rand-pts.vcxproj", "{F71615A5-9C2D-4F04-A021-F73538F24FDE}"
EndProject
Global
	GlobalSection(SolutionConfigurationPlatforms) = preSolution
		Debug|x64 = Debug|x64
		Debug|x86 = Debug|x86
		Release|x64 = Release|x64
		Release|x86 = Release|x86
	EndGlobalSection
	GlobalSection(ProjectConfigurationPlatforms) = postSolution
		{A5DD7655-70DA-4AA5-955F-39D37DE85080}.Debug|x64.ActiveCfg = Debug|x64
		{A5DD7655-70DA-4AA5-955F-39D37DE85080}.Debug|x64.Build.0 = Debug|x64
		{A5DD7655-70DA-4AA5-955F-39D37DE85080}.Debug|x86.ActiveCfg = Debug|Win32
		{A5DD7655-70DA-4AA5-955F-39D37DE85080}.Debug|x86.Build.0 = Debug|Win32
		{A5DD7655-70DA-4AA5-955F-39D37DE85080}.Release|x64.ActiveCfg = Release|x64
		{A5DD7655-70DA-4AA5-955F-39D37DE85080}.Release|x64.Build.0 = Release|x64
		{A5DD7655-70DA-4AA5-955F-39D37DE85080}.Release|x86.ActiveCfg = Release|Win32
		{A5DD7655-70DA-4AA5-955F-39D37DE85080}.Release|x86.Build.0 = Release|Win32
		{7D32686A-AC28-40E7-AF4B-BA6800611152}.Debug|x64.ActiveCfg = Debug|x64
		{7D32686A-AC28-40E7-AF4B-BA6800611152}.Debug|x64.Build.0 = Debug|x64
		{7D32686A-AC28-40E7-AF4B-BA6800611152}.Debug|x86.ActiveCfg = Debug|Win32
		{7D32686A-AC28-40E7-AF4B-BA6800611152}.Debug|x86.Build.0 = Debug|Win32
		{7D32686A-AC28-40E7-AF4B-BA6800611152}.Release|x64.ActiveCfg = Release|x64
		{7D32686A-AC28-40E7-AF4B-BA6800611152}.Release|x64.Build.0 = Release|x64
		{7D32686A-AC28-40E7-AF4B-BA6800611152}.Release|x86.ActiveCfg = Release|Win32
		{7D32686A-AC28-40E7-AF4B-BA6800611152}.Release|x86.Build.0 = Release|Win32
		{F71615A5-9C2D-4F04-A021-F73538F24FDE}.Debug|x64.ActiveCfg = Debug|x64
		{F71615A5-9C2D-4F04-A021-F73538F24FDE}.Debug|x64.Build.0 = Debug|x64
		{F71615A5-9C2D-4F04-A021-F73538F24FDE}.Debug|x86.ActiveCfg = Debug|Win32
		{F71615A5-9C2D-4F04-A021-F73538F24FDE}.Debug|x86.Build.0 = Debug|Win32
		{F71615A5-9C2D-4F04-A021-F73538F24FDE}.Release|x64.ActiveCfg = Release|x64
		{F71615A5-9C2D-4F04-A021-F73538F24FDE}.Release|x64.Build.0 = Release|x64
		{F71615A5-9C2D-4F04-A021-F73538F24FDE}.Release|x86.ActiveCfg = Release|Win32
		{F71615A5-9C2D-4F04-A021-F73538F24FDE}.Release|x86.Build.0 = Release|Win32
	EndGlobalSection
	GlobalSection(SolutionProperties) = preSolution
		HideSolutionNode = FALSE
	EndGlobalSection
	GlobalSection(ExtensibilityGlobals) = postSolution
		SolutionGuid = {0836F6F7-E173-40EB-A66F-9D3879EB0281}
	EndGlobalSection
EndGlobal
