
Microsoft Visual Studio Solution File, Format Version 12.00
# Visual Studio Version 17
VisualStudioVersion = 17.5.33209.295
MinimumVisualStudioVersion = 10.0.40219.1
Project("{2150E333-8FDC-42A3-9474-1A3956D46DE8}") = "src", "src", "{8FD64642-4C12-4E46-A26E-E5730090C7A2}"
EndProject
Project("{9A19103F-16F7-4668-BE54-9A1E7A4F7556}") = "FluteSharp", "src\FluteSharp\FluteSharp.csproj", "{39822AFF-9D96-48EE-BAFA-AFD61B983A15}"
EndProject
Project("{2150E333-8FDC-42A3-9474-1A3956D46DE8}") = "Solution Items", "Solution Items", "{A9F25D6F-9F44-4D80-9F03-5E81D5FBB125}"
	ProjectSection(SolutionItems) = preProject
		.editorconfig = .editorconfig
		.gitignore = .gitignore
		README.md = README.md
	EndProjectSection
EndProject
Project("{9A19103F-16F7-4668-BE54-9A1E7A4F7556}") = "Sandbox", "src\Sandbox\Sandbox.csproj", "{B161DD42-B78D-4E7A-A7A1-BAC5B9D1CBE7}"
EndProject
Global
	GlobalSection(SolutionConfigurationPlatforms) = preSolution
		Debug|Any CPU = Debug|Any CPU
		Release|Any CPU = Release|Any CPU
	EndGlobalSection
	GlobalSection(ProjectConfigurationPlatforms) = postSolution
		{39822AFF-9D96-48EE-BAFA-AFD61B983A15}.Debug|Any CPU.ActiveCfg = Debug|Any CPU
		{39822AFF-9D96-48EE-BAFA-AFD61B983A15}.Debug|Any CPU.Build.0 = Debug|Any CPU
		{39822AFF-9D96-48EE-BAFA-AFD61B983A15}.Release|Any CPU.ActiveCfg = Release|Any CPU
		{39822AFF-9D96-48EE-BAFA-AFD61B983A15}.Release|Any CPU.Build.0 = Release|Any CPU
		{B161DD42-B78D-4E7A-A7A1-BAC5B9D1CBE7}.Debug|Any CPU.ActiveCfg = Debug|Any CPU
		{B161DD42-B78D-4E7A-A7A1-BAC5B9D1CBE7}.Debug|Any CPU.Build.0 = Debug|Any CPU
		{B161DD42-B78D-4E7A-A7A1-BAC5B9D1CBE7}.Release|Any CPU.ActiveCfg = Release|Any CPU
		{B161DD42-B78D-4E7A-A7A1-BAC5B9D1CBE7}.Release|Any CPU.Build.0 = Release|Any CPU
	EndGlobalSection
	GlobalSection(SolutionProperties) = preSolution
		HideSolutionNode = FALSE
	EndGlobalSection
	GlobalSection(NestedProjects) = preSolution
		{39822AFF-9D96-48EE-BAFA-AFD61B983A15} = {8FD64642-4C12-4E46-A26E-E5730090C7A2}
		{B161DD42-B78D-4E7A-A7A1-BAC5B9D1CBE7} = {8FD64642-4C12-4E46-A26E-E5730090C7A2}
	EndGlobalSection
	GlobalSection(ExtensibilityGlobals) = postSolution
		SolutionGuid = {F9ADC58F-8619-43A4-B498-C05A867227BD}
	EndGlobalSection
EndGlobal
